---
path: ".gem_rbs_collection"
gems:
- name: diff-lcs
  version: '1.5'
  source:
    type: git
    name: ruby/gem_rbs_collection
    revision: 95d9b83e2727af43d6dea2ffb9e9d2d350425fe9
    remote: https://github.com/ruby/gem_rbs_collection.git
    repo_dir: gems
- name: erb
  version: '0'
  source:
    type: stdlib
- name: fileutils
  version: '0'
  source:
    type: stdlib
- name: forwardable
  version: '0'
  source:
    type: stdlib
- name: optparse
  version: '0'
  source:
    type: stdlib
- name: rake
  version: '13.0'
  source:
    type: git
    name: ruby/gem_rbs_collection
    revision: 95d9b83e2727af43d6dea2ffb9e9d2d350425fe9
    remote: https://github.com/ruby/gem_rbs_collection.git
    repo_dir: gems
- name: rdoc
  version: '0'
  source:
    type: stdlib
- name: stackprof
  version: '0.2'
  source:
    type: git
    name: ruby/gem_rbs_collection
    revision: 95d9b83e2727af43d6dea2ffb9e9d2d350425fe9
    remote: https://github.com/ruby/gem_rbs_collection.git
    repo_dir: gems
- name: strscan
  version: '0'
  source:
    type: stdlib
gemfile_lock_path: Gemfile.lock
