---
sources:
- type: git
  name: ruby/gem_rbs_collection
  revision: 25286c51a19927f28623aee3cd36655f902399ba
  remote: https://github.com/ruby/gem_rbs_collection.git
  repo_dir: gems
path: ".gem_rbs_collection"
gems:
- name: erb
  version: '0'
  source:
    type: stdlib
- name: fileutils
  version: '0'
  source:
    type: stdlib
- name: forwardable
  version: '0'
  source:
    type: stdlib
- name: rake
  version: '13.0'
  source:
    type: git
    name: ruby/gem_rbs_collection
    revision: 2de2d4535caba275f3b8533684aab110d921f553
    remote: https://github.com/ruby/gem_rbs_collection.git
    repo_dir: gems
- name: stackprof
  version: '0.2'
  source:
    type: git
    name: ruby/gem_rbs_collection
    revision: 28208148c7e64a25e9b86b9723b4c3a2cef14e81
    remote: https://github.com/ruby/gem_rbs_collection.git
    repo_dir: gems
- name: strscan
  version: '0'
  source:
    type: stdlib
gemfile_lock_path: Gemfile.lock
